{
    "_readme": [
        "This file locks the dependencies of your project to a known state",
        "Read more about it at https://getcomposer.org/doc/01-basic-usage.md#composer-lock-the-lock-file",
        "This file is @generated automatically"
    ],
    "hash": "d58eb44d4b8460661547515a410b6528",
    "content-hash": "342b1e7bd58bab272e3644101302fe87",
    "packages": [
        {
            "name": "components/modernizr",
            "version": "2.8.3",
            "source": {
                "type": "git",
                "url": "https://github.com/components/modernizr.git",
                "reference": "4115686a0f488b370b169e5a702d5028e7650bd3"
            },
            "dist": {
                "type": "zip",
                "url": "https://api.github.com/repos/components/modernizr/zipball/4115686a0f488b370b169e5a702d5028e7650bd3",
                "reference": "4115686a0f488b370b169e5a702d5028e7650bd3",
                "shasum": ""
            },
            "require": {
                "robloach/component-installer": "*"
            },
            "type": "component",
            "extra": {
                "component": {
                    "scripts": [
                        "modernizr.js"
                    ],
                    "shim": {
                        "exports": "window.Modernizr"
                    }
                }
            },
            "notification-url": "https://packagist.org/downloads/",
            "license": [
                "MIT"
            ],
            "authors": [
                {
                    "name": "Modernizr",
                    "homepage": "http://Modernizr.com"
                },
                {
                    "name": "Faruk Ates"
                },
                {
                    "name": "Paul Irish"
                },
                {
                    "name": "Alex Sexton"
                },
                {
                    "name": "Ryan Seddon"
                },
                {
                    "name": "Alexander Farkas"
                },
                {
                    "name": "Ben Alman"
                },
                {
                    "name": "Stu Cox"
                }
            ],
            "description": "Modernizr is a JavaScript library that detects HTML5 and CSS3 features in the user's browser.",
            "homepage": "http://modernizr.com",
            "keywords": [
                "CSS3",
                "HTML5",
                "browser",
                "feature detection"
            ],
            "time": "2014-10-08 13:59:52"
        },
        {
            "name": "dimsemenov/magnific-popup",
            "version": "1.0.1",
            "source": {
                "type": "git",
                "url": "https://github.com/dimsemenov/Magnific-Popup.git",
                "reference": "351cee14e6b90f2ef1a73c0b0678839482d1f959"
            },
            "dist": {
                "type": "zip",
                "url": "https://api.github.com/repos/dimsemenov/Magnific-Popup/zipball/351cee14e6b90f2ef1a73c0b0678839482d1f959",
                "reference": "351cee14e6b90f2ef1a73c0b0678839482d1f959",
                "shasum": ""
            },
            "type": "library",
            "notification-url": "https://packagist.org/downloads/",
            "description": "Light and responsive lightbox script with focus on performance.",
            "homepage": "http://dimsemenov.com/plugins/magnific-popup/",
            "time": "2015-12-30 10:17:29"
        },
        {
            "name": "kriswallsmith/assetic",
            "version": "v1.3.2",
            "source": {
                "type": "git",
                "url": "https://github.com/kriswallsmith/assetic.git",
                "reference": "9928f7c4ad98b234e3559d1049abd13387f86db5"
            },
            "dist": {
                "type": "zip",
                "url": "https://api.github.com/repos/kriswallsmith/assetic/zipball/9928f7c4ad98b234e3559d1049abd13387f86db5",
                "reference": "9928f7c4ad98b234e3559d1049abd13387f86db5",
                "shasum": ""
            },
            "require": {
                "php": ">=5.3.1",
                "symfony/process": "~2.1|~3.0"
            },
            "conflict": {
                "twig/twig": "<1.23"
            },
            "require-dev": {
                "cssmin/cssmin": "3.0.1",
                "joliclic/javascript-packer": "1.1",
                "kamicane/packager": "1.0",
                "leafo/lessphp": "^0.3.7",
                "leafo/scssphp": "~0.1",
                "mrclay/minify": "~2.2",
                "patchwork/jsqueeze": "~1.0|~2.0",
                "phpunit/phpunit": "~4.8",
                "psr/log": "~1.0",
                "ptachoire/cssembed": "~1.0",
                "symfony/phpunit-bridge": "~2.7|~3.0",
                "twig/twig": "~1.8|~2.0"
            },
            "suggest": {
                "leafo/lessphp": "Assetic provides the integration with the lessphp LESS compiler",
                "leafo/scssphp": "Assetic provides the integration with the scssphp SCSS compiler",
                "leafo/scssphp-compass": "Assetic provides the integration with the SCSS compass plugin",
                "patchwork/jsqueeze": "Assetic provides the integration with the JSqueeze JavaScript compressor",
                "ptachoire/cssembed": "Assetic provides the integration with phpcssembed to embed data uris",
                "twig/twig": "Assetic provides the integration with the Twig templating engine"
            },
            "type": "library",
            "extra": {
                "branch-alias": {
                    "dev-master": "1.4-dev"
                }
            },
            "autoload": {
                "psr-0": {
                    "Assetic": "src/"
                },
                "files": [
                    "src/functions.php"
                ]
            },
            "notification-url": "https://packagist.org/downloads/",
            "license": [
                "MIT"
            ],
            "authors": [
                {
                    "name": "Kris Wallsmith",
                    "email": "kris.wallsmith@gmail.com",
                    "homepage": "http://kriswallsmith.net/"
                }
            ],
            "description": "Asset Management for PHP",
            "homepage": "https://github.com/kriswallsmith/assetic",
            "keywords": [
                "assets",
                "compression",
                "minification"
            ],
            "time": "2015-11-12 13:51:40"
        },
        {
            "name": "robloach/component-installer",
            "version": "0.2.3",
            "source": {
                "type": "git",
                "url": "https://github.com/RobLoach/component-installer.git",
                "reference": "908a859aa7c4949ba9ad67091e67bac10b66d3d7"
            },
            "dist": {
                "type": "zip",
                "url": "https://api.github.com/repos/RobLoach/component-installer/zipball/908a859aa7c4949ba9ad67091e67bac10b66d3d7",
                "reference": "908a859aa7c4949ba9ad67091e67bac10b66d3d7",
                "shasum": ""
            },
            "require": {
                "composer-plugin-api": "^1.0",
                "kriswallsmith/assetic": "1.*",
                "php": ">=5.3.2"
            },
            "require-dev": {
                "composer/composer": "1.*@alpha",
                "phpunit/phpunit": "4.*"
            },
            "type": "composer-plugin",
            "extra": {
                "branch-alias": {
                    "dev-master": "1.0.x-dev"
                },
                "class": "ComponentInstaller\\ComponentInstallerPlugin"
            },
            "autoload": {
                "psr-0": {
                    "ComponentInstaller": "src/"
                }
            },
            "notification-url": "https://packagist.org/downloads/",
            "license": [
                "MIT"
            ],
            "authors": [
                {
                    "name": "Rob Loach",
                    "homepage": "http://robloach.net"
                }
            ],
            "description": "Allows installation of Components via Composer.",
            "time": "2015-08-10 12:35:38"
        },
        {
            "name": "symfony/process",
            "version": "v3.0.2",
            "source": {
                "type": "git",
                "url": "https://github.com/symfony/process.git",
                "reference": "dfecef47506179db2501430e732adbf3793099c8"
            },
            "dist": {
                "type": "zip",
                "url": "https://api.github.com/repos/symfony/process/zipball/dfecef47506179db2501430e732adbf3793099c8",
                "reference": "dfecef47506179db2501430e732adbf3793099c8",
                "shasum": ""
            },
            "require": {
                "php": ">=5.5.9"
            },
            "type": "library",
            "extra": {
                "branch-alias": {
                    "dev-master": "3.0-dev"
                }
            },
            "autoload": {
                "psr-4": {
                    "Symfony\\Component\\Process\\": ""
                },
                "exclude-from-classmap": [
                    "/Tests/"
                ]
            },
            "notification-url": "https://packagist.org/downloads/",
            "license": [
                "MIT"
            ],
            "authors": [
                {
                    "name": "Fabien Potencier",
                    "email": "fabien@symfony.com"
                },
                {
                    "name": "Symfony Community",
                    "homepage": "https://symfony.com/contributors"
                }
            ],
            "description": "Symfony Process Component",
            "homepage": "https://symfony.com",
            "time": "2016-02-02 13:44:19"
        }
    ],
    "packages-dev": [],
    "aliases": [],
    "minimum-stability": "stable",
    "stability-flags": [],
    "prefer-stable": false,
    "prefer-lowest": false,
    "platform": [],
    "platform-dev": []
}
